
Microsoft Visual Studio Solution File, Format Version 12.00
# Visual Studio Version 17
VisualStudioVersion = 17.1.32328.378
MinimumVisualStudioVersion = 10.0.40219.1
Project("{9A19103F-16F7-4668-BE54-9A1E7A4F7556}") = "SchoolManagement", "SchoolManagement\SchoolManagement.csproj", "{1D4C27B6-93F4-4B71-BB0D-50E4C68074B7}"
EndProject
Project("{2150E333-8FDC-42A3-9474-1A3956D46DE8}") = "Solution Items", "Solution Items", "{6CD3B688-3BE3-40AF-9D14-06163D30FD2F}"
	ProjectSection(SolutionItems) = preProject
		.editorconfig = .editorconfig
	EndProjectSection
EndProject
Global
	GlobalSection(SolutionConfigurationPlatforms) = preSolution
		Debug|Any CPU = Debug|Any CPU
		Release|Any CPU = Release|Any CPU
	EndGlobalSection
	GlobalSection(ProjectConfigurationPlatforms) = postSolution
		{1D4C27B6-93F4-4B71-BB0D-50E4C68074B7}.Debug|Any CPU.ActiveCfg = Debug|Any CPU
		{1D4C27B6-93F4-4B71-BB0D-50E4C68074B7}.Debug|Any CPU.Build.0 = Debug|Any CPU
		{1D4C27B6-93F4-4B71-BB0D-50E4C68074B7}.Release|Any CPU.ActiveCfg = Release|Any CPU
		{1D4C27B6-93F4-4B71-BB0D-50E4C68074B7}.Release|Any CPU.Build.0 = Release|Any CPU
	EndGlobalSection
	GlobalSection(SolutionProperties) = preSolution
		HideSolutionNode = FALSE
	EndGlobalSection
	GlobalSection(ExtensibilityGlobals) = postSolution
		SolutionGuid = {9A08E5A7-E27C-4329-8F1D-D9BDFD0865D6}
	EndGlobalSection
EndGlobal
